{
  "version": "2",
  "remote": {
    "https://esm.sh/react-dom@18.2.0/client": "768120e78a76dfaed3256640f7bac8cde1577c983f38a2e8af44c7856c31d6f9",
    "https://esm.sh/react@18.2.0": "742d8246041966ba1137ec8c60888c35882a9d2478bce63583875f86c1e3687c",
    "https://esm.sh/stable/react@18.2.0/deno/react.mjs": "a5a73ee24acca4744ee22c51d9357f31968d1f684ce253bde222b4e26d09f49f",
    "https://esm.sh/v118/@types/prop-types@15.7.5/index.d.ts": "6a386ff939f180ae8ef064699d8b7b6e62bc2731a62d7fbf5e02589383838dea",
    "https://esm.sh/v118/@types/react@18.2.0/global.d.ts": "549df62b64a71004aee17685b445a8289013daf96246ce4d9b087d13d7a27a61",
    "https://esm.sh/v118/@types/react@18.2.0/index.d.ts": "b091747b1f503f434d3cac4217a13858baba87b421a7054ffdfd797da7737678",
    "https://esm.sh/v118/@types/react@18.2.5/global.d.ts": "549df62b64a71004aee17685b445a8289013daf96246ce4d9b087d13d7a27a61",
    "https://esm.sh/v118/@types/react@18.2.5/index.d.ts": "97341c37d9246edd82c8c99f6473df8c2a7deee99b7e2984bdb84b9d321f7da8",
    "https://esm.sh/v118/@types/scheduler@0.16.3/tracing.d.ts": "f5a8b384f182b3851cec3596ccc96cb7464f8d3469f48c74bf2befb782a19de5",
    "https://esm.sh/v118/csstype@3.1.2/index.d.ts": "4c68749a564a6facdf675416d75789ee5a557afda8960e0803cf6711fa569288",
    "https://esm.sh/v119/@types/react-dom@18.2.4/client~.d.ts": "e21ae8d0d53f3dde0bf2744cea161e0f5699fd44d1f383f46582d87e2d956f8c",
    "https://esm.sh/v119/react-dom@18.2.0/deno/client.js": "5129f0e26c7005fe24ac66a8ad70a2469eae7c8b59b0144b3fd826f38ea995d9",
    "https://esm.sh/v119/react-dom@18.2.0/deno/react-dom.mjs": "fe3b23c5f29e682a1214299fe27192621e31c2da8b8ed2394f5a9f7e65e28f84",
    "https://esm.sh/v119/scheduler@0.23.0/deno/scheduler.mjs": "585bd99e523275a2447f9d1c29f36b43be0a20123e7c7915f6f4d5405ecc2884",
    "https://esm.sh/v119/zod@3.21.4/deno/zod.mjs": "e1a358025e86c62f8323e441499f90ed73a4111803ebbb0868c84bcd10661b6d",
    "https://esm.sh/v119/zod@3.21.4/index.d.ts": "b51c954b9557b1dcb03b2bf34cd136e710cb9aa276e686cac0e291249590a52a",
    "https://esm.sh/v119/zod@3.21.4/lib/ZodError.d.ts": "1f19511459549a66526d9dcc3b2288e59fa5fd4cf42b390a945d0bdc289806df",
    "https://esm.sh/v119/zod@3.21.4/lib/errors.d.ts": "5ec2790f877581637c058eb5bbb72e855a078620d0781d2a6a8f308fe1d5436f",
    "https://esm.sh/v119/zod@3.21.4/lib/external.d.ts": "91cec2fe1e1fb2574812a29a57ad2c39a1e69b0fa1179547382c92649fc5c66e",
    "https://esm.sh/v119/zod@3.21.4/lib/helpers/enumUtil.d.ts": "f672c876c1a04a223cf2023b3d91e8a52bb1544c576b81bf64a8fec82be9969c",
    "https://esm.sh/v119/zod@3.21.4/lib/helpers/errorUtil.d.ts": "98a9cc18f661d28e6bd31c436e1984f3980f35e0f0aa9cf795c54f8ccb667ffe",
    "https://esm.sh/v119/zod@3.21.4/lib/helpers/parseUtil.d.ts": "d3dbfc2f2fbf2c1bdea72db72f9f5c95d2ca5b4d32c9e229764ebaba0920203c",
    "https://esm.sh/v119/zod@3.21.4/lib/helpers/partialUtil.d.ts": "be2da97df422506d54e0e1727a40f6315c7311931b65a552b3172148db734c43",
    "https://esm.sh/v119/zod@3.21.4/lib/helpers/typeAliases.d.ts": "5487b97cfa28b26b4a9ef0770f872bdbebd4c46124858de00f242c3eed7519f4",
    "https://esm.sh/v119/zod@3.21.4/lib/helpers/util.d.ts": "7a01f546ace66019156e4232a1bee2fabc2f8eabeb052473d926ee1693956265",
    "https://esm.sh/v119/zod@3.21.4/lib/index.d.ts": "e6e0b04af1500398c8840582cce03d8907d6475005eb490f0e07bb33db6da66c",
    "https://esm.sh/v119/zod@3.21.4/lib/locales/en.d.ts": "f8ec1611afb8d132c6c71822718805866890cf2071025153af97508eff24e4b6",
    "https://esm.sh/v119/zod@3.21.4/lib/types.d.ts": "d7eecca2a9e02b2b2f51eaef95956f490a5780d03b32b9865068a63a26810f01",
    "https://esm.sh/zod@3.21.4": "d05455be74c7370ae9534e152461099c9c17bff9c01c227f9f7970bd1df40a13"
  }
}
